
Microsoft Visual Studio Solution File, Format Version 11.00
# Visual C# Express 2010
Project("{FAE04EC0-301F-11D3-BF4B-00C04F79EFBC}") = "CodeSnippets", "CodeSnippets\CodeSnippets.csproj", "{F931C3E2-032A-49D5-80BC-E6DEF41F5104}"
EndProject
Global
	GlobalSection(SolutionConfigurationPlatforms) = preSolution
		Debug|Any CPU = Debug|Any CPU
		Debug|x64 = Debug|x64
		Debug|x86 = Debug|x86
		Release|Any CPU = Release|Any CPU
		Release|x64 = Release|x64
		Release|x86 = Release|x86
	EndGlobalSection
	GlobalSection(ProjectConfigurationPlatforms) = postSolution
		{F931C3E2-032A-49D5-80BC-E6DEF41F5104}.Debug|Any CPU.ActiveCfg = Debug|Any CPU
		{F931C3E2-032A-49D5-80BC-E6DEF41F5104}.Debug|Any CPU.Build.0 = Debug|Any CPU
		{F931C3E2-032A-49D5-80BC-E6DEF41F5104}.Debug|x64.ActiveCfg = Debug|x64
		{F931C3E2-032A-49D5-80BC-E6DEF41F5104}.Debug|x64.Build.0 = Debug|x64
		{F931C3E2-032A-49D5-80BC-E6DEF41F5104}.Debug|x86.ActiveCfg = Debug|x86
		{F931C3E2-032A-49D5-80BC-E6DEF41F5104}.Debug|x86.Build.0 = Debug|x86
		{F931C3E2-032A-49D5-80BC-E6DEF41F5104}.Release|Any CPU.ActiveCfg = Release|Any CPU
		{F931C3E2-032A-49D5-80BC-E6DEF41F5104}.Release|Any CPU.Build.0 = Release|Any CPU
		{F931C3E2-032A-49D5-80BC-E6DEF41F5104}.Release|x64.ActiveCfg = Release|x64
		{F931C3E2-032A-49D5-80BC-E6DEF41F5104}.Release|x64.Build.0 = Release|x64
		{F931C3E2-032A-49D5-80BC-E6DEF41F5104}.Release|x86.ActiveCfg = Release|x86
		{F931C3E2-032A-49D5-80BC-E6DEF41F5104}.Release|x86.Build.0 = Release|x86
	EndGlobalSection
	GlobalSection(SolutionProperties) = preSolution
		HideSolutionNode = FALSE
	EndGlobalSection
EndGlobal
